dependencies:
  cmd_ieee802154_debug:
    dependencies: []
    source:
      path: /home/adam/esp/esp-idf/examples/ieee802154/components/cmd_ieee802154_debug
      type: local
    version: '*'
  cmd_system:
    dependencies: []
    source:
      path: /home/adam/esp/esp-idf/examples/system/console/advanced/components/cmd_system
      type: local
    version: '*'
  esp-qa/coexist-cmd:
    component_hash: 71156a75746d1da3d5534b9acd45be37c293395e271f9712db197ce810555ae5
    dependencies:
    - name: idf
      require: private
      version: '>=5.3'
    source:
      registry_url: https://components.espressif.com/
      type: service
    version: 0.0.2
  espressif/iperf:
    component_hash: 9c95e1c897e9bce78a811682041a284ce22dac888fb61c3988867d5cb09b5961
    dependencies:
    - name: idf
      require: private
      version: '>=4.3'
    source:
      registry_url: https://components.espressif.com
      type: service
    version: 1.0.3
  espressif/iperf-cmd:
    component_hash: ac7c2fe10545367f79c3a10d72bcd497cc0d626e6424786c1a433b3538ee0327
    dependencies:
    - name: espressif/iperf
      registry_url: https://components.espressif.com
      require: private
      version: =1.0.3
    - name: idf
      require: private
      version: '>=4.3'
    source:
      registry_url: https://components.espressif.com/
      type: service
    version: 1.0.3
  idf:
    source:
      type: idf
    version: 5.5.5
  ot_examples_common:
    dependencies:
    - name: espressif/iperf-cmd
      version: ^1.0.0
    - name: cmd_system
      path: ${IDF_PATH}/examples/system/console/advanced/components/cmd_system
    source:
      path: /home/adam/esp/esp-idf/examples/openthread/ot_common_components/ot_examples_common
      type: local
    version: '*'
direct_dependencies:
- cmd_ieee802154_debug
- esp-qa/coexist-cmd
- ot_examples_common
manifest_hash: 6e61613f0af03bc6dbf6ca56c9ad5de9925adfcbe737c795ee976bd2fa08751f
target: esp32h2
version: 2.0.0
